
Microsoft Visual Studio Solution File, Format Version 12.00
# Visual Studio Version 16
VisualStudioVersion = 16.0.29613.14
MinimumVisualStudioVersion = 10.0.40219.1
Project("{9A19103F-16F7-4668-BE54-9A1E7A4F7556}") = "SlackNet", "SlackNet\SlackNet.csproj", "{2E9A9F53-6AA7-464F-B757-EBAC3E837D8B}"
EndProject
Project("{9A19103F-16F7-4668-BE54-9A1E7A4F7556}") = "SlackNet.Example", "SlackNet.Example\SlackNet.Example.csproj", "{7BF11791-3EF9-4185-9433-90DF2218E35E}"
EndProject
Project("{9A19103F-16F7-4668-BE54-9A1E7A4F7556}") = "SlackNet.Bot", "SlackNet.Bot\SlackNet.Bot.csproj", "{DAB4F57B-D1A5-47C2-8A10-6C75B7DF30A0}"
EndProject
Project("{2150E333-8FDC-42A3-9474-1A3956D46DE8}") = "Solution Items", "Solution Items", "{E5F77D07-2F2B-4C7B-9457-8D679E8E3877}"
	ProjectSection(SolutionItems) = preProject
		.editorconfig = .editorconfig
		cake.config = cake.config
		readme.md = readme.md
	EndProjectSection
EndProject
Project("{9A19103F-16F7-4668-BE54-9A1E7A4F7556}") = "SlackNet.Tests", "SlackNet.Tests\SlackNet.Tests.csproj", "{E5E1E3B3-D8CD-4D9B-94A4-5E30DAAC34E8}"
EndProject
Project("{9A19103F-16F7-4668-BE54-9A1E7A4F7556}") = "SlackNet.EventsExample", "SlackNet.EventsExample\SlackNet.EventsExample.csproj", "{1076BBE5-C460-4582-B46D-F8663E1A6D6A}"
EndProject
Project("{9A19103F-16F7-4668-BE54-9A1E7A4F7556}") = "SlackNet.AspNetCore", "SlackNet.AspNetCore\SlackNet.AspNetCore.csproj", "{0AD73D44-61B4-47EC-BFB8-243851CE5E1D}"
EndProject
Project("{9A19103F-16F7-4668-BE54-9A1E7A4F7556}") = "SlackNet.BotExample", "SlackNet.BotExample\SlackNet.BotExample.csproj", "{047F361A-4C26-4FD6-B322-46FE8DECD1EA}"
EndProject
Project("{9A19103F-16F7-4668-BE54-9A1E7A4F7556}") = "SlackNet.AzureFunctionExample", "SlackNet.AzureFunctionExample\SlackNet.AzureFunctionExample.csproj", "{BC46F8E3-F021-40EB-94B9-5AEBE69D77F3}"
EndProject
Global
	GlobalSection(SolutionConfigurationPlatforms) = preSolution
		Debug|Any CPU = Debug|Any CPU
		Release|Any CPU = Release|Any CPU
	EndGlobalSection
	GlobalSection(ProjectConfigurationPlatforms) = postSolution
		{2E9A9F53-6AA7-464F-B757-EBAC3E837D8B}.Debug|Any CPU.ActiveCfg = Debug|Any CPU
		{2E9A9F53-6AA7-464F-B757-EBAC3E837D8B}.Debug|Any CPU.Build.0 = Debug|Any CPU
		{2E9A9F53-6AA7-464F-B757-EBAC3E837D8B}.Release|Any CPU.ActiveCfg = Release|Any CPU
		{2E9A9F53-6AA7-464F-B757-EBAC3E837D8B}.Release|Any CPU.Build.0 = Release|Any CPU
		{7BF11791-3EF9-4185-9433-90DF2218E35E}.Debug|Any CPU.ActiveCfg = Debug|Any CPU
		{7BF11791-3EF9-4185-9433-90DF2218E35E}.Debug|Any CPU.Build.0 = Debug|Any CPU
		{7BF11791-3EF9-4185-9433-90DF2218E35E}.Release|Any CPU.ActiveCfg = Release|Any CPU
		{7BF11791-3EF9-4185-9433-90DF2218E35E}.Release|Any CPU.Build.0 = Release|Any CPU
		{DAB4F57B-D1A5-47C2-8A10-6C75B7DF30A0}.Debug|Any CPU.ActiveCfg = Debug|Any CPU
		{DAB4F57B-D1A5-47C2-8A10-6C75B7DF30A0}.Debug|Any CPU.Build.0 = Debug|Any CPU
		{DAB4F57B-D1A5-47C2-8A10-6C75B7DF30A0}.Release|Any CPU.ActiveCfg = Release|Any CPU
		{DAB4F57B-D1A5-47C2-8A10-6C75B7DF30A0}.Release|Any CPU.Build.0 = Release|Any CPU
		{E5E1E3B3-D8CD-4D9B-94A4-5E30DAAC34E8}.Debug|Any CPU.ActiveCfg = Debug|Any CPU
		{E5E1E3B3-D8CD-4D9B-94A4-5E30DAAC34E8}.Debug|Any CPU.Build.0 = Debug|Any CPU
		{E5E1E3B3-D8CD-4D9B-94A4-5E30DAAC34E8}.Release|Any CPU.ActiveCfg = Release|Any CPU
		{E5E1E3B3-D8CD-4D9B-94A4-5E30DAAC34E8}.Release|Any CPU.Build.0 = Release|Any CPU
		{1076BBE5-C460-4582-B46D-F8663E1A6D6A}.Debug|Any CPU.ActiveCfg = Debug|Any CPU
		{1076BBE5-C460-4582-B46D-F8663E1A6D6A}.Debug|Any CPU.Build.0 = Debug|Any CPU
		{1076BBE5-C460-4582-B46D-F8663E1A6D6A}.Release|Any CPU.ActiveCfg = Release|Any CPU
		{1076BBE5-C460-4582-B46D-F8663E1A6D6A}.Release|Any CPU.Build.0 = Release|Any CPU
		{0AD73D44-61B4-47EC-BFB8-243851CE5E1D}.Debug|Any CPU.ActiveCfg = Debug|Any CPU
		{0AD73D44-61B4-47EC-BFB8-243851CE5E1D}.Debug|Any CPU.Build.0 = Debug|Any CPU
		{0AD73D44-61B4-47EC-BFB8-243851CE5E1D}.Release|Any CPU.ActiveCfg = Release|Any CPU
		{0AD73D44-61B4-47EC-BFB8-243851CE5E1D}.Release|Any CPU.Build.0 = Release|Any CPU
		{047F361A-4C26-4FD6-B322-46FE8DECD1EA}.Debug|Any CPU.ActiveCfg = Debug|Any CPU
		{047F361A-4C26-4FD6-B322-46FE8DECD1EA}.Debug|Any CPU.Build.0 = Debug|Any CPU
		{047F361A-4C26-4FD6-B322-46FE8DECD1EA}.Release|Any CPU.ActiveCfg = Release|Any CPU
		{047F361A-4C26-4FD6-B322-46FE8DECD1EA}.Release|Any CPU.Build.0 = Release|Any CPU
		{BC46F8E3-F021-40EB-94B9-5AEBE69D77F3}.Debug|Any CPU.ActiveCfg = Debug|Any CPU
		{BC46F8E3-F021-40EB-94B9-5AEBE69D77F3}.Debug|Any CPU.Build.0 = Debug|Any CPU
		{BC46F8E3-F021-40EB-94B9-5AEBE69D77F3}.Release|Any CPU.ActiveCfg = Release|Any CPU
		{BC46F8E3-F021-40EB-94B9-5AEBE69D77F3}.Release|Any CPU.Build.0 = Release|Any CPU
	EndGlobalSection
	GlobalSection(SolutionProperties) = preSolution
		HideSolutionNode = FALSE
	EndGlobalSection
	GlobalSection(ExtensibilityGlobals) = postSolution
		SolutionGuid = {D28BBD5F-1FD1-4A8A-920F-D52B53814623}
	EndGlobalSection
EndGlobal
